
Microsoft Visual Studio Solution File, Format Version 12.00
Project("{FAE04EC0-301F-11D3-BF4B-00C04F79EFBC}") = "EFCore.ConsoleApp", "EFCore.ConsoleApp\EFCore.ConsoleApp.csproj", "{5CA6E4ED-1B8F-493F-8C91-8334C8EB0DB2}"
EndProject
Project("{FAE04EC0-301F-11D3-BF4B-00C04F79EFBC}") = "EFCore.Data", "EFCore.Data\EFCore.Data.csproj", "{7E7DDF23-AF69-4BA0-846F-1C9FBBA99C64}"
EndProject
Project("{FAE04EC0-301F-11D3-BF4B-00C04F79EFBC}") = "EFCore.Domain", "EFCore.Domain\EFCore.Domain.csproj", "{FEBBDBCC-4115-4E9B-8C25-BED4E72DC33A}"
EndProject
Global
	GlobalSection(SolutionConfigurationPlatforms) = preSolution
		Debug|Any CPU = Debug|Any CPU
		Release|Any CPU = Release|Any CPU
	EndGlobalSection
	GlobalSection(ProjectConfigurationPlatforms) = postSolution
		{5CA6E4ED-1B8F-493F-8C91-8334C8EB0DB2}.Debug|Any CPU.ActiveCfg = Debug|Any CPU
		{5CA6E4ED-1B8F-493F-8C91-8334C8EB0DB2}.Debug|Any CPU.Build.0 = Debug|Any CPU
		{5CA6E4ED-1B8F-493F-8C91-8334C8EB0DB2}.Release|Any CPU.ActiveCfg = Release|Any CPU
		{5CA6E4ED-1B8F-493F-8C91-8334C8EB0DB2}.Release|Any CPU.Build.0 = Release|Any CPU
		{7E7DDF23-AF69-4BA0-846F-1C9FBBA99C64}.Debug|Any CPU.ActiveCfg = Debug|Any CPU
		{7E7DDF23-AF69-4BA0-846F-1C9FBBA99C64}.Debug|Any CPU.Build.0 = Debug|Any CPU
		{7E7DDF23-AF69-4BA0-846F-1C9FBBA99C64}.Release|Any CPU.ActiveCfg = Release|Any CPU
		{7E7DDF23-AF69-4BA0-846F-1C9FBBA99C64}.Release|Any CPU.Build.0 = Release|Any CPU
		{FEBBDBCC-4115-4E9B-8C25-BED4E72DC33A}.Debug|Any CPU.ActiveCfg = Debug|Any CPU
		{FEBBDBCC-4115-4E9B-8C25-BED4E72DC33A}.Debug|Any CPU.Build.0 = Debug|Any CPU
		{FEBBDBCC-4115-4E9B-8C25-BED4E72DC33A}.Release|Any CPU.ActiveCfg = Release|Any CPU
		{FEBBDBCC-4115-4E9B-8C25-BED4E72DC33A}.Release|Any CPU.Build.0 = Release|Any CPU
	EndGlobalSection
EndGlobal
